# This file was autogenerated by uv via the following command:
#    uv pip compile build-requirements.in --python-version 3.11 --python-platform x86_64-unknown-linux-gnu --generate-hashes --refresh --output-file build-requirements.lock
flit-core==3.9.0 \
    --hash=sha256:72ad266176c4a3fcfab5f2930d76896059851240570ce9a98733b658cb786eba \
    --hash=sha256:7aada352fb0c7f5538c4fafeddf314d3a6a92ee8e2b1de70482329e42de70301
    # via -r build-requirements.in
hatchling==1.22.5 \
    --hash=sha256:30ec7ee09f6e17b73257eedfd7f5bb5a9b028a6cf6d144d9faad1d826fa203b8 \
    --hash=sha256:ca260a5adad376563dcd5df799e79ec1d5c0a3be41e2fbe335613c451772b09e
    # via -r build-requirements.in
packaging==23.2 \
    --hash=sha256:048fb0e9405036518eaaf48a55953c750c11e1a1b68e0dd1a9d62ed0c092cfc5 \
    --hash=sha256:8c491190033a9af7e1d931d0b5dacc2ef47509b34dd0de67ed209b5203fc88c7
    # via
    #   -r build-requirements.in
    #   hatchling
pathspec==1.1.1 \
    --hash=sha256:17db5ecd524104a120e173814c90367a96a98d07c45b2e10c2f3919fff91bf5a \
    --hash=sha256:a00ce642f577bf7f473932318056212bc4f8bfdf53128c78bbd5af0b9b20b189
    # via hatchling
pip==24.2 \
    --hash=sha256:2cd581cf58ab7fcfca4ce8efa6dcacd0de5bf8d0a3eb9ec927e07405f4d9e2a2 \
    --hash=sha256:5b5e490b5e9cb275c879595064adce9ebd31b854e3e803740b72f9ccf34a45b8
    # via -r build-requirements.in
pluggy==1.6.0 \
    --hash=sha256:7dcc130b76258d33b90f61b658791dede3486c3e6bfb003ee5c9bfb396dd22f3 \
    --hash=sha256:e920276dd6813095e9377c0bc5566d94c932c33b27a3e3945d8389c374dd4746
    # via hatchling
setuptools==67.8.0 \
    --hash=sha256:5df61bf30bb10c6f756eb19e7c9f3b473051f48db77fddbe06ff2ca307df9a6f \
    --hash=sha256:62642358adc77ffa87233bc4d2354c4b2682d214048f500964dbe760ccedf102
    # via -r build-requirements.in
trove-classifiers==2026.6.1.19 \
    --hash=sha256:ab4c4ec93cc4a4e7815fa759906e05e6bb3f2fbd92ea0f897288c6a43efd15b3 \
    --hash=sha256:c5132b4b61a829d11cfbd2d72e97f20a45ed6edb95e45c5efdeb5e00836b2745
    # via hatchling
wheel==0.40.0 \
    --hash=sha256:cd1196f3faee2b31968d626e1731c94f99cbdb67cf5a46e4f5656cbee7738873 \
    --hash=sha256:d236b20e7cb522daf2390fa84c55eea81c5c30190f90f29ae2ca1ad8355bf247
    # via -r build-requirements.in
